// !$*UTF8*$!
{
	archiveVersion = 1;
	classes = {
	};
	objectVersion = 50;
	objects = {

/* Begin PBXBuildFile section */
		8B2806D025109920003725DD /* DBTTSVC.m in Sources */ = {isa = PBXBuildFile; fileRef = 8B2806CF25109920003725DD /* DBTTSVC.m */; };
		8B68BA772534374D004EE66D /* DBCommon.framework in Frameworks */ = {isa = PBXBuildFile; fileRef = 8B68BA762534374D004EE66D /* DBCommon.framework */; };
		8B68BA7925343867004EE66D /* DBFlowTTS.framework in Frameworks */ = {isa = PBXBuildFile; fileRef = 8B68BA7825343867004EE66D /* DBFlowTTS.framework */; };
		8B68BA7B253440BA004EE66D /* DBASRFramework.framework in Frameworks */ = {isa = PBXBuildFile; fileRef = 8B68BA7A253440BA004EE66D /* DBASRFramework.framework */; };
		8BA4562C24ED04A700798B1F /* AppDelegate.m in Sources */ = {isa = PBXBuildFile; fileRef = 8BA4562B24ED04A700798B1F /* AppDelegate.m */; };
		8BA4563224ED04A700798B1F /* ViewController.m in Sources */ = {isa = PBXBuildFile; fileRef = 8BA4563124ED04A700798B1F /* ViewController.m */; };
		8BA4563524ED04A700798B1F /* Main.storyboard in Resources */ = {isa = PBXBuildFile; fileRef = 8BA4563324ED04A700798B1F /* Main.storyboard */; };
		8BA4563724ED04AB00798B1F /* Assets.xcassets in Resources */ = {isa = PBXBuildFile; fileRef = 8BA4563624ED04AB00798B1F /* Assets.xcassets */; };
		8BA4563A24ED04AB00798B1F /* LaunchScreen.storyboard in Resources */ = {isa = PBXBuildFile; fileRef = 8BA4563824ED04AB00798B1F /* LaunchScreen.storyboard */; };
		8BA4563D24ED04AB00798B1F /* main.m in Sources */ = {isa = PBXBuildFile; fileRef = 8BA4563C24ED04AB00798B1F /* main.m */; };
		8BA4564524ED190000798B1F /* DBAuthorizationVC.m in Sources */ = {isa = PBXBuildFile; fileRef = 8BA4564424ED190000798B1F /* DBAuthorizationVC.m */; };
		8BFF76FE2518997B006E7141 /* DBASRVC.mm in Sources */ = {isa = PBXBuildFile; fileRef = 8BFF76FD2518997B006E7141 /* DBASRVC.mm */; };
/* End PBXBuildFile section */

/* Begin PBXFileReference section */
		8B2806CE25109920003725DD /* DBTTSVC.h */ = {isa = PBXFileReference; lastKnownFileType = sourcecode.c.h; path = DBTTSVC.h; sourceTree = "<group>"; };
		8B2806CF25109920003725DD /* DBTTSVC.m */ = {isa = PBXFileReference; lastKnownFileType = sourcecode.c.objc; path = DBTTSVC.m; sourceTree = "<group>"; };
		8B68BA762534374D004EE66D /* DBCommon.framework */ = {isa = PBXFileReference; lastKnownFileType = wrapper.framework; path = DBCommon.framework; sourceTree = "<group>"; };
		8B68BA7825343867004EE66D /* DBFlowTTS.framework */ = {isa = PBXFileReference; lastKnownFileType = wrapper.framework; path = DBFlowTTS.framework; sourceTree = "<group>"; };
		8B68BA7A253440BA004EE66D /* DBASRFramework.framework */ = {isa = PBXFileReference; lastKnownFileType = wrapper.framework; path = DBASRFramework.framework; sourceTree = "<group>"; };
		8BA4562724ED04A700798B1F /* BiaobeiDemo.app */ = {isa = PBXFileReference; explicitFileType = wrapper.application; includeInIndex = 0; path = BiaobeiDemo.app; sourceTree = BUILT_PRODUCTS_DIR; };
		8BA4562A24ED04A700798B1F /* AppDelegate.h */ = {isa = PBXFileReference; lastKnownFileType = sourcecode.c.h; path = AppDelegate.h; sourceTree = "<group>"; };
		8BA4562B24ED04A700798B1F /* AppDelegate.m */ = {isa = PBXFileReference; lastKnownFileType = sourcecode.c.objc; path = AppDelegate.m; sourceTree = "<group>"; };
		8BA4563024ED04A700798B1F /* ViewController.h */ = {isa = PBXFileReference; lastKnownFileType = sourcecode.c.h; path = ViewController.h; sourceTree = "<group>"; };
		8BA4563124ED04A700798B1F /* ViewController.m */ = {isa = PBXFileReference; lastKnownFileType = sourcecode.c.objc; path = ViewController.m; sourceTree = "<group>"; };
		8BA4563424ED04A700798B1F /* Base */ = {isa = PBXFileReference; lastKnownFileType = file.storyboard; name = Base; path = Base.lproj/Main.storyboard; sourceTree = "<group>"; };
		8BA4563624ED04AB00798B1F /* Assets.xcassets */ = {isa = PBXFileReference; lastKnownFileType = folder.assetcatalog; path = Assets.xcassets; sourceTree = "<group>"; };
		8BA4563924ED04AB00798B1F /* Base */ = {isa = PBXFileReference; lastKnownFileType = file.storyboard; name = Base; path = Base.lproj/LaunchScreen.storyboard; sourceTree = "<group>"; };
		8BA4563B24ED04AB00798B1F /* Info.plist */ = {isa = PBXFileReference; lastKnownFileType = text.plist.xml; path = Info.plist; sourceTree = "<group>"; };
		8BA4563C24ED04AB00798B1F /* main.m */ = {isa = PBXFileReference; lastKnownFileType = sourcecode.c.objc; path = main.m; sourceTree = "<group>"; };
		8BA4564324ED190000798B1F /* DBAuthorizationVC.h */ = {isa = PBXFileReference; lastKnownFileType = sourcecode.c.h; path = DBAuthorizationVC.h; sourceTree = "<group>"; };
		8BA4564424ED190000798B1F /* DBAuthorizationVC.m */ = {isa = PBXFileReference; lastKnownFileType = sourcecode.c.objc; path = DBAuthorizationVC.m; sourceTree = "<group>"; };
		8BFF76FC2518997B006E7141 /* DBASRVC.h */ = {isa = PBXFileReference; lastKnownFileType = sourcecode.c.h; path = DBASRVC.h; sourceTree = "<group>"; };
		8BFF76FD2518997B006E7141 /* DBASRVC.mm */ = {isa = PBXFileReference; lastKnownFileType = sourcecode.cpp.objcpp; path = DBASRVC.mm; sourceTree = "<group>"; };
/* End PBXFileReference section */

/* Begin PBXFrameworksBuildPhase section */
		8BA4562424ED04A700798B1F /* Frameworks */ = {
			isa = PBXFrameworksBuildPhase;
			buildActionMask = 2147483647;
			files = (
				8B68BA7925343867004EE66D /* DBFlowTTS.framework in Frameworks */,
				8B68BA772534374D004EE66D /* DBCommon.framework in Frameworks */,
				8B68BA7B253440BA004EE66D /* DBASRFramework.framework in Frameworks */,
			);
			runOnlyForDeploymentPostprocessing = 0;
		};
/* End PBXFrameworksBuildPhase section */

/* Begin PBXGroup section */
		8BA4561E24ED04A700798B1F = {
			isa = PBXGroup;
			children = (
				8B68BA7A253440BA004EE66D /* DBASRFramework.framework */,
				8B68BA7825343867004EE66D /* DBFlowTTS.framework */,
				8B68BA762534374D004EE66D /* DBCommon.framework */,
				8BA4562924ED04A700798B1F /* BiaobeiDemo */,
				8BA4562824ED04A700798B1F /* Products */,
			);
			sourceTree = "<group>";
		};
		8BA4562824ED04A700798B1F /* Products */ = {
			isa = PBXGroup;
			children = (
				8BA4562724ED04A700798B1F /* BiaobeiDemo.app */,
			);
			name = Products;
			sourceTree = "<group>";
		};
		8BA4562924ED04A700798B1F /* BiaobeiDemo */ = {
			isa = PBXGroup;
			children = (
				8BA4562A24ED04A700798B1F /* AppDelegate.h */,
				8BA4562B24ED04A700798B1F /* AppDelegate.m */,
				8BA4563024ED04A700798B1F /* ViewController.h */,
				8BA4563124ED04A700798B1F /* ViewController.m */,
				8BA4564324ED190000798B1F /* DBAuthorizationVC.h */,
				8BA4564424ED190000798B1F /* DBAuthorizationVC.m */,
				8B2806CE25109920003725DD /* DBTTSVC.h */,
				8B2806CF25109920003725DD /* DBTTSVC.m */,
				8BFF76FC2518997B006E7141 /* DBASRVC.h */,
				8BFF76FD2518997B006E7141 /* DBASRVC.mm */,
				8BA4563324ED04A700798B1F /* Main.storyboard */,
				8BA4563624ED04AB00798B1F /* Assets.xcassets */,
				8BA4563824ED04AB00798B1F /* LaunchScreen.storyboard */,
				8BA4563B24ED04AB00798B1F /* Info.plist */,
				8BA4563C24ED04AB00798B1F /* main.m */,
			);
			path = BiaobeiDemo;
			sourceTree = "<group>";
		};
/* End PBXGroup section */

/* Begin PBXNativeTarget section */
		8BA4562624ED04A700798B1F /* BiaobeiDemo */ = {
			isa = PBXNativeTarget;
			buildConfigurationList = 8BA4564024ED04AB00798B1F /* Build configuration list for PBXNativeTarget "BiaobeiDemo" */;
			buildPhases = (
				8BA4562324ED04A700798B1F /* Sources */,
				8BA4562424ED04A700798B1F /* Frameworks */,
				8BA4562524ED04A700798B1F /* Resources */,
			);
			buildRules = (
			);
			dependencies = (
			);
			name = BiaobeiDemo;
			productName = BiaobeiDemo;
			productReference = 8BA4562724ED04A700798B1F /* BiaobeiDemo.app */;
			productType = "com.apple.product-type.application";
		};
/* End PBXNativeTarget section */

/* Begin PBXProject section */
		8BA4561F24ED04A700798B1F /* Project object */ = {
			isa = PBXProject;
			attributes = {
				LastUpgradeCheck = 1160;
				ORGANIZATIONNAME = biaobei;
				TargetAttributes = {
					8BA4562624ED04A700798B1F = {
						CreatedOnToolsVersion = 11.6;
					};
				};
			};
			buildConfigurationList = 8BA4562224ED04A700798B1F /* Build configuration list for PBXProject "BiaobeiDemo" */;
			compatibilityVersion = "Xcode 9.3";
			developmentRegion = en;
			hasScannedForEncodings = 0;
			knownRegions = (
				en,
				Base,
			);
			mainGroup = 8BA4561E24ED04A700798B1F;
			productRefGroup = 8BA4562824ED04A700798B1F /* Products */;
			projectDirPath = "";
			projectRoot = "";
			targets = (
				8BA4562624ED04A700798B1F /* BiaobeiDemo */,
			);
		};
/* End PBXProject section */

/* Begin PBXResourcesBuildPhase section */
		8BA4562524ED04A700798B1F /* Resources */ = {
			isa = PBXResourcesBuildPhase;
			buildActionMask = 2147483647;
			files = (
				8BA4563A24ED04AB00798B1F /* LaunchScreen.storyboard in Resources */,
				8BA4563724ED04AB00798B1F /* Assets.xcassets in Resources */,
				8BA4563524ED04A700798B1F /* Main.storyboard in Resources */,
			);
			runOnlyForDeploymentPostprocessing = 0;
		};
/* End PBXResourcesBuildPhase section */

/* Begin PBXSourcesBuildPhase section */
		8BA4562324ED04A700798B1F /* Sources */ = {
			isa = PBXSourcesBuildPhase;
			buildActionMask = 2147483647;
			files = (
				8BA4563224ED04A700798B1F /* ViewController.m in Sources */,
				8BA4562C24ED04A700798B1F /* AppDelegate.m in Sources */,
				8BA4563D24ED04AB00798B1F /* main.m in Sources */,
				8BFF76FE2518997B006E7141 /* DBASRVC.mm in Sources */,
				8B2806D025109920003725DD /* DBTTSVC.m in Sources */,
				8BA4564524ED190000798B1F /* DBAuthorizationVC.m in Sources */,
			);
			runOnlyForDeploymentPostprocessing = 0;
		};
/* End PBXSourcesBuildPhase section */

/* Begin PBXVariantGroup section */
		8BA4563324ED04A700798B1F /* Main.storyboard */ = {
			isa = PBXVariantGroup;
			children = (
				8BA4563424ED04A700798B1F /* Base */,
			);
			name = Main.storyboard;
			sourceTree = "<group>";
		};
		8BA4563824ED04AB00798B1F /* LaunchScreen.storyboard */ = {
			isa = PBXVariantGroup;
			children = (
				8BA4563924ED04AB00798B1F /* Base */,
			);
			name = LaunchScreen.storyboard;
			sourceTree = "<group>";
		};
/* End PBXVariantGroup section */

/* Begin XCBuildConfiguration section */
		8BA4563E24ED04AB00798B1F /* Debug */ = {
			isa = XCBuildConfiguration;
			buildSettings = {
				ALWAYS_SEARCH_USER_PATHS = NO;
				CLANG_ANALYZER_NONNULL = YES;
				CLANG_ANALYZER_NUMBER_OBJECT_CONVERSION = YES_AGGRESSIVE;
				CLANG_CXX_LANGUAGE_STANDARD = "gnu++14";
				CLANG_CXX_LIBRARY = "libc++";
				CLANG_ENABLE_MODULES = YES;
				CLANG_ENABLE_OBJC_ARC = YES;
				CLANG_ENABLE_OBJC_WEAK = YES;
				CLANG_WARN_BLOCK_CAPTURE_AUTORELEASING = YES;
				CLANG_WARN_BOOL_CONVERSION = YES;
				CLANG_WARN_COMMA = YES;
				CLANG_WARN_CONSTANT_CONVERSION = YES;
				CLANG_WARN_DEPRECATED_OBJC_IMPLEMENTATIONS = YES;
				CLANG_WARN_DIRECT_OBJC_ISA_USAGE = YES_ERROR;
				CLANG_WARN_DOCUMENTATION_COMMENTS = YES;
				CLANG_WARN_EMPTY_BODY = YES;
				CLANG_WARN_ENUM_CONVERSION = YES;
				CLANG_WARN_INFINITE_RECURSION = YES;
				CLANG_WARN_INT_CONVERSION = YES;
				CLANG_WARN_NON_LITERAL_NULL_CONVERSION = YES;
				CLANG_WARN_OBJC_IMPLICIT_RETAIN_SELF = YES;
				CLANG_WARN_OBJC_LITERAL_CONVERSION = YES;
				CLANG_WARN_OBJC_ROOT_CLASS = YES_ERROR;
				CLANG_WARN_RANGE_LOOP_ANALYSIS = YES;
				CLANG_WARN_STRICT_PROTOTYPES = YES;
				CLANG_WARN_SUSPICIOUS_MOVE = YES;
				CLANG_WARN_UNGUARDED_AVAILABILITY = YES_AGGRESSIVE;
				CLANG_WARN_UNREACHABLE_CODE = YES;
				CLANG_WARN__DUPLICATE_METHOD_MATCH = YES;
				COPY_PHASE_STRIP = NO;
				DEBUG_INFORMATION_FORMAT = dwarf;
				ENABLE_STRICT_OBJC_MSGSEND = YES;
				ENABLE_TESTABILITY = YES;
				GCC_C_LANGUAGE_STANDARD = gnu11;
				GCC_DYNAMIC_NO_PIC = NO;
				GCC_NO_COMMON_BLOCKS = YES;
				GCC_OPTIMIZATION_LEVEL = 0;
				GCC_PREPROCESSOR_DEFINITIONS = (
					"DEBUG=1",
					"$(inherited)",
				);
				GCC_WARN_64_TO_32_BIT_CONVERSION = YES;
				GCC_WARN_ABOUT_RETURN_TYPE = YES_ERROR;
				GCC_WARN_UNDECLARED_SELECTOR = YES;
				GCC_WARN_UNINITIALIZED_AUTOS = YES_AGGRESSIVE;
				GCC_WARN_UNUSED_FUNCTION = YES;
				GCC_WARN_UNUSED_VARIABLE = YES;
				IPHONEOS_DEPLOYMENT_TARGET = 10.0;
				MTL_ENABLE_DEBUG_INFO = INCLUDE_SOURCE;
				MTL_FAST_MATH = YES;
				ONLY_ACTIVE_ARCH = YES;
				SDKROOT = iphoneos;
			};
			name = Debug;
		};
		8BA4563F24ED04AB00798B1F /* Release */ = {
			isa = XCBuildConfiguration;
			buildSettings = {
				ALWAYS_SEARCH_USER_PATHS = NO;
				CLANG_ANALYZER_NONNULL = YES;
				CLANG_ANALYZER_NUMBER_OBJECT_CONVERSION = YES_AGGRESSIVE;
				CLANG_CXX_LANGUAGE_STANDARD = "gnu++14";
				CLANG_CXX_LIBRARY = "libc++";
				CLANG_ENABLE_MODULES = YES;
				CLANG_ENABLE_OBJC_ARC = YES;
				CLANG_ENABLE_OBJC_WEAK = YES;
				CLANG_WARN_BLOCK_CAPTURE_AUTORELEASING = YES;
				CLANG_WARN_BOOL_CONVERSION = YES;
				CLANG_WARN_COMMA = YES;
				CLANG_WARN_CONSTANT_CONVERSION = YES;
				CLANG_WARN_DEPRECATED_OBJC_IMPLEMENTATIONS = YES;
				CLANG_WARN_DIRECT_OBJC_ISA_USAGE = YES_ERROR;
				CLANG_WARN_DOCUMENTATION_COMMENTS = YES;
				CLANG_WARN_EMPTY_BODY = YES;
				CLANG_WARN_ENUM_CONVERSION = YES;
				CLANG_WARN_INFINITE_RECURSION = YES;
				CLANG_WARN_INT_CONVERSION = YES;
				CLANG_WARN_NON_LITERAL_NULL_CONVERSION = YES;
				CLANG_WARN_OBJC_IMPLICIT_RETAIN_SELF = YES;
				CLANG_WARN_OBJC_LITERAL_CONVERSION = YES;
				CLANG_WARN_OBJC_ROOT_CLASS = YES_ERROR;
				CLANG_WARN_RANGE_LOOP_ANALYSIS = YES;
				CLANG_WARN_STRICT_PROTOTYPES = YES;
				CLANG_WARN_SUSPICIOUS_MOVE = YES;
				CLANG_WARN_UNGUARDED_AVAILABILITY = YES_AGGRESSIVE;
				CLANG_WARN_UNREACHABLE_CODE = YES;
				CLANG_WARN__DUPLICATE_METHOD_MATCH = YES;
				COPY_PHASE_STRIP = NO;
				DEBUG_INFORMATION_FORMAT = "dwarf-with-dsym";
				ENABLE_NS_ASSERTIONS = NO;
				ENABLE_STRICT_OBJC_MSGSEND = YES;
				GCC_C_LANGUAGE_STANDARD = gnu11;
				GCC_NO_COMMON_BLOCKS = YES;
				GCC_WARN_64_TO_32_BIT_CONVERSION = YES;
				GCC_WARN_ABOUT_RETURN_TYPE = YES_ERROR;
				GCC_WARN_UNDECLARED_SELECTOR = YES;
				GCC_WARN_UNINITIALIZED_AUTOS = YES_AGGRESSIVE;
				GCC_WARN_UNUSED_FUNCTION = YES;
				GCC_WARN_UNUSED_VARIABLE = YES;
				IPHONEOS_DEPLOYMENT_TARGET = 10.0;
				MTL_ENABLE_DEBUG_INFO = NO;
				MTL_FAST_MATH = YES;
				SDKROOT = iphoneos;
				VALIDATE_PRODUCT = YES;
			};
			name = Release;
		};
		8BA4564124ED04AB00798B1F /* Debug */ = {
			isa = XCBuildConfiguration;
			buildSettings = {
				ASSETCATALOG_COMPILER_APPICON_NAME = AppIcon;
				CODE_SIGN_STYLE = Automatic;
				DEVELOPMENT_TEAM = DGJ66H38P5;
				ENABLE_BITCODE = NO;
				FRAMEWORK_SEARCH_PATHS = (
					"$(inherited)",
					"$(PROJECT_DIR)/BiaobeiDemo",
					"$(PROJECT_DIR)",
				);
				INFOPLIST_FILE = BiaobeiDemo/Info.plist;
				LD_RUNPATH_SEARCH_PATHS = (
					"$(inherited)",
					"@executable_path/Frameworks",
				);
				PRODUCT_BUNDLE_IDENTIFIER = com.biaobei.demo.BiaobeiDemo;
				PRODUCT_NAME = "$(TARGET_NAME)";
				TARGETED_DEVICE_FAMILY = "1,2";
			};
			name = Debug;
		};
		8BA4564224ED04AB00798B1F /* Release */ = {
			isa = XCBuildConfiguration;
			buildSettings = {
				ASSETCATALOG_COMPILER_APPICON_NAME = AppIcon;
				CODE_SIGN_STYLE = Automatic;
				DEVELOPMENT_TEAM = DGJ66H38P5;
				ENABLE_BITCODE = NO;
				FRAMEWORK_SEARCH_PATHS = (
					"$(inherited)",
					"$(PROJECT_DIR)/BiaobeiDemo",
					"$(PROJECT_DIR)",
				);
				INFOPLIST_FILE = BiaobeiDemo/Info.plist;
				LD_RUNPATH_SEARCH_PATHS = (
					"$(inherited)",
					"@executable_path/Frameworks",
				);
				PRODUCT_BUNDLE_IDENTIFIER = com.biaobei.demo.BiaobeiDemo;
				PRODUCT_NAME = "$(TARGET_NAME)";
				TARGETED_DEVICE_FAMILY = "1,2";
			};
			name = Release;
		};
/* End XCBuildConfiguration section */

/* Begin XCConfigurationList section */
		8BA4562224ED04A700798B1F /* Build configuration list for PBXProject "BiaobeiDemo" */ = {
			isa = XCConfigurationList;
			buildConfigurations = (
				8BA4563E24ED04AB00798B1F /* Debug */,
				8BA4563F24ED04AB00798B1F /* Release */,
			);
			defaultConfigurationIsVisible = 0;
			defaultConfigurationName = Release;
		};
		8BA4564024ED04AB00798B1F /* Build configuration list for PBXNativeTarget "BiaobeiDemo" */ = {
			isa = XCConfigurationList;
			buildConfigurations = (
				8BA4564124ED04AB00798B1F /* Debug */,
				8BA4564224ED04AB00798B1F /* Release */,
			);
			defaultConfigurationIsVisible = 0;
			defaultConfigurationName = Release;
		};
/* End XCConfigurationList section */
	};
	rootObject = 8BA4561F24ED04A700798B1F /* Project object */;
}
